// !$*UTF8*$!
{
	archiveVersion = 1;
	classes = {
	};
	objectVersion = 46;
	objects = {

/* Begin PBXBuildFile section */
		9B142DA418BE538D00269A0A /* NSMutableArray+PersonManager.m in Sources */ = {isa = PBXBuildFile; fileRef = 9B142DA318BE538D00269A0A /* NSMutableArray+PersonManager.m */; };
		9B4CA46918C3A38700DD04F2 /* Localizable.strings in Resources */ = {isa = PBXBuildFile; fileRef = 9B4CA46B18C3A38700DD04F2 /* Localizable.strings */; };
		9B5853C418C26E7800075178 /* SettingsViewController.m in Sources */ = {isa = PBXBuildFile; fileRef = 9B5853C318C26E7800075178 /* SettingsViewController.m */; };
		9B60CB9D1882CF49003A7A44 /* ServerConnection.m in Sources */ = {isa = PBXBuildFile; fileRef = 9B60CB9C1882CF49003A7A44 /* ServerConnection.m */; };
		9B6AD554187F083900195217 /* MainViewController.m in Sources */ = {isa = PBXBuildFile; fileRef = 9B6AD553187F083900195217 /* MainViewController.m */; };
		9B79EA33189317BC00A372B7 /* XMLDataParserPeople.m in Sources */ = {isa = PBXBuildFile; fileRef = 9B79EA32189317BC00A372B7 /* XMLDataParserPeople.m */; };
		9B87BFB118B4EB0200351557 /* WebViewController.m in Sources */ = {isa = PBXBuildFile; fileRef = 9B87BFB018B4EB0200351557 /* WebViewController.m */; };
		9B8967E31880259B00520BE6 /* Contact.m in Sources */ = {isa = PBXBuildFile; fileRef = 9B8967E21880259B00520BE6 /* Contact.m */; };
		9B89F2E518B01A0C009E4455 /* PersonDetailsViewController.m in Sources */ = {isa = PBXBuildFile; fileRef = 9B89F2E418B01A0C009E4455 /* PersonDetailsViewController.m */; };
		9B8AB514187EE39A0090757F /* Foundation.framework in Frameworks */ = {isa = PBXBuildFile; fileRef = 9B8AB513187EE39A0090757F /* Foundation.framework */; };
		9B8AB516187EE39A0090757F /* CoreGraphics.framework in Frameworks */ = {isa = PBXBuildFile; fileRef = 9B8AB515187EE39A0090757F /* CoreGraphics.framework */; };
		9B8AB518187EE39A0090757F /* UIKit.framework in Frameworks */ = {isa = PBXBuildFile; fileRef = 9B8AB517187EE39A0090757F /* UIKit.framework */; };
		9B8AB51E187EE39A0090757F /* InfoPlist.strings in Resources */ = {isa = PBXBuildFile; fileRef = 9B8AB51C187EE39A0090757F /* InfoPlist.strings */; };
		9B8AB520187EE39A0090757F /* main.m in Sources */ = {isa = PBXBuildFile; fileRef = 9B8AB51F187EE39A0090757F /* main.m */; };
		9B8AB524187EE39B0090757F /* AppDelegate.m in Sources */ = {isa = PBXBuildFile; fileRef = 9B8AB523187EE39B0090757F /* AppDelegate.m */; };
		9B8AB527187EE39B0090757F /* Main_iPhone.storyboard in Resources */ = {isa = PBXBuildFile; fileRef = 9B8AB525187EE39B0090757F /* Main_iPhone.storyboard */; };
		9B8AB52A187EE39B0090757F /* Main_iPad.storyboard in Resources */ = {isa = PBXBuildFile; fileRef = 9B8AB528187EE39B0090757F /* Main_iPad.storyboard */; };
		9B8AB52F187EE39B0090757F /* Images.xcassets in Resources */ = {isa = PBXBuildFile; fileRef = 9B8AB52E187EE39B0090757F /* Images.xcassets */; };
		9B8AB536187EE39B0090757F /* XCTest.framework in Frameworks */ = {isa = PBXBuildFile; fileRef = 9B8AB535187EE39B0090757F /* XCTest.framework */; };
		9B8AB537187EE39B0090757F /* Foundation.framework in Frameworks */ = {isa = PBXBuildFile; fileRef = 9B8AB513187EE39A0090757F /* Foundation.framework */; };
		9B8AB538187EE39B0090757F /* UIKit.framework in Frameworks */ = {isa = PBXBuildFile; fileRef = 9B8AB517187EE39A0090757F /* UIKit.framework */; };
		9B8AB540187EE39B0090757F /* InfoPlist.strings in Resources */ = {isa = PBXBuildFile; fileRef = 9B8AB53E187EE39B0090757F /* InfoPlist.strings */; };
		9B8AB542187EE39B0090757F /* BiCoRTests.m in Sources */ = {isa = PBXBuildFile; fileRef = 9B8AB541187EE39B0090757F /* BiCoRTests.m */; };
		9B9A587518B0DABE008498F6 /* DataCell.m in Sources */ = {isa = PBXBuildFile; fileRef = 9B9A587418B0DABE008498F6 /* DataCell.m */; };
		9B9A587818B0DB92008498F6 /* HeaderCell.m in Sources */ = {isa = PBXBuildFile; fileRef = 9B9A587718B0DB92008498F6 /* HeaderCell.m */; };
		9B9A587B18B103B1008498F6 /* DataCellPhone.m in Sources */ = {isa = PBXBuildFile; fileRef = 9B9A587A18B103B1008498F6 /* DataCellPhone.m */; };
		9B9A587E18B103C2008498F6 /* DataCellMail.m in Sources */ = {isa = PBXBuildFile; fileRef = 9B9A587D18B103C2008498F6 /* DataCellMail.m */; };
		9B9FEBE21893FC5C0074B125 /* XMLDataParserLogin.m in Sources */ = {isa = PBXBuildFile; fileRef = 9B9FEBE11893FC5C0074B125 /* XMLDataParserLogin.m */; };
		9BBFDB181884838C00D56426 /* XMLDataParser.m in Sources */ = {isa = PBXBuildFile; fileRef = 9BBFDB171884838C00D56426 /* XMLDataParser.m */; };
/* End PBXBuildFile section */

/* Begin PBXContainerItemProxy section */
		9B8AB539187EE39B0090757F /* PBXContainerItemProxy */ = {
			isa = PBXContainerItemProxy;
			containerPortal = 9B8AB508187EE39A0090757F /* Project object */;
			proxyType = 1;
			remoteGlobalIDString = 9B8AB50F187EE39A0090757F;
			remoteInfo = BiCoR;
		};
/* End PBXContainerItemProxy section */

/* Begin PBXFileReference section */
		9B142DA218BE538D00269A0A /* NSMutableArray+PersonManager.h */ = {isa = PBXFileReference; fileEncoding = 4; lastKnownFileType = sourcecode.c.h; path = "NSMutableArray+PersonManager.h"; sourceTree = "<group>"; };
		9B142DA318BE538D00269A0A /* NSMutableArray+PersonManager.m */ = {isa = PBXFileReference; fileEncoding = 4; lastKnownFileType = sourcecode.c.objc; path = "NSMutableArray+PersonManager.m"; sourceTree = "<group>"; };
		9B4CA46318C3A34100DD04F2 /* de */ = {isa = PBXFileReference; lastKnownFileType = text.plist.strings; name = de; path = de.lproj/Main_iPad.strings; sourceTree = "<group>"; };
		9B4CA46418C3A34100DD04F2 /* de */ = {isa = PBXFileReference; lastKnownFileType = text.plist.strings; name = de; path = de.lproj/Main_iPhone.strings; sourceTree = "<group>"; };
		9B4CA46518C3A34100DD04F2 /* de */ = {isa = PBXFileReference; lastKnownFileType = text.plist.strings; name = de; path = de.lproj/InfoPlist.strings; sourceTree = "<group>"; };
		9B4CA46618C3A34100DD04F2 /* de */ = {isa = PBXFileReference; lastKnownFileType = text.plist.strings; name = de; path = de.lproj/InfoPlist.strings; sourceTree = "<group>"; };
		9B4CA46A18C3A38700DD04F2 /* Base */ = {isa = PBXFileReference; lastKnownFileType = text.plist.strings; name = Base; path = Base.lproj/Localizable.strings; sourceTree = "<group>"; };
		9B4CA46C18C3A38C00DD04F2 /* de */ = {isa = PBXFileReference; lastKnownFileType = text.plist.strings; name = de; path = de.lproj/Localizable.strings; sourceTree = "<group>"; };
		9B5853C218C26E7800075178 /* SettingsViewController.h */ = {isa = PBXFileReference; fileEncoding = 4; lastKnownFileType = sourcecode.c.h; path = SettingsViewController.h; sourceTree = "<group>"; };
		9B5853C318C26E7800075178 /* SettingsViewController.m */ = {isa = PBXFileReference; fileEncoding = 4; lastKnownFileType = sourcecode.c.objc; path = SettingsViewController.m; sourceTree = "<group>"; };
		9B60CB9B1882CF49003A7A44 /* ServerConnection.h */ = {isa = PBXFileReference; fileEncoding = 4; lastKnownFileType = sourcecode.c.h; name = ServerConnection.h; path = "Server Communication/ServerConnection.h"; sourceTree = "<group>"; };
		9B60CB9C1882CF49003A7A44 /* ServerConnection.m */ = {isa = PBXFileReference; fileEncoding = 4; lastKnownFileType = sourcecode.c.objc; name = ServerConnection.m; path = "Server Communication/ServerConnection.m"; sourceTree = "<group>"; };
		9B6AD552187F083900195217 /* MainViewController.h */ = {isa = PBXFileReference; fileEncoding = 4; lastKnownFileType = sourcecode.c.h; path = MainViewController.h; sourceTree = "<group>"; };
		9B6AD553187F083900195217 /* MainViewController.m */ = {isa = PBXFileReference; fileEncoding = 4; lastKnownFileType = sourcecode.c.objc; path = MainViewController.m; sourceTree = "<group>"; };
		9B79EA31189317BC00A372B7 /* XMLDataParserPeople.h */ = {isa = PBXFileReference; fileEncoding = 4; lastKnownFileType = sourcecode.c.h; name = XMLDataParserPeople.h; path = "Server Communication/XMLDataParserPeople.h"; sourceTree = "<group>"; };
		9B79EA32189317BC00A372B7 /* XMLDataParserPeople.m */ = {isa = PBXFileReference; fileEncoding = 4; lastKnownFileType = sourcecode.c.objc; name = XMLDataParserPeople.m; path = "Server Communication/XMLDataParserPeople.m"; sourceTree = "<group>"; };
		9B87BFAF18B4EB0200351557 /* WebViewController.h */ = {isa = PBXFileReference; fileEncoding = 4; lastKnownFileType = sourcecode.c.h; name = WebViewController.h; path = UI/WebViewController.h; sourceTree = "<group>"; };
		9B87BFB018B4EB0200351557 /* WebViewController.m */ = {isa = PBXFileReference; fileEncoding = 4; lastKnownFileType = sourcecode.c.objc; name = WebViewController.m; path = UI/WebViewController.m; sourceTree = "<group>"; };
		9B8967E11880259B00520BE6 /* Contact.h */ = {isa = PBXFileReference; fileEncoding = 4; lastKnownFileType = sourcecode.c.h; path = Contact.h; sourceTree = "<group>"; };
		9B8967E21880259B00520BE6 /* Contact.m */ = {isa = PBXFileReference; fileEncoding = 4; lastKnownFileType = sourcecode.c.objc; path = Contact.m; sourceTree = "<group>"; };
		9B89F2E318B01A0C009E4455 /* PersonDetailsViewController.h */ = {isa = PBXFileReference; fileEncoding = 4; lastKnownFileType = sourcecode.c.h; name = PersonDetailsViewController.h; path = UI/PersonDetailsViewController.h; sourceTree = "<group>"; };
		9B89F2E418B01A0C009E4455 /* PersonDetailsViewController.m */ = {isa = PBXFileReference; fileEncoding = 4; lastKnownFileType = sourcecode.c.objc; name = PersonDetailsViewController.m; path = UI/PersonDetailsViewController.m; sourceTree = "<group>"; };
		9B8AB510187EE39A0090757F /* BiCoRem.app */ = {isa = PBXFileReference; explicitFileType = wrapper.application; includeInIndex = 0; path = BiCoRem.app; sourceTree = BUILT_PRODUCTS_DIR; };
		9B8AB513187EE39A0090757F /* Foundation.framework */ = {isa = PBXFileReference; lastKnownFileType = wrapper.framework; name = Foundation.framework; path = System/Library/Frameworks/Foundation.framework; sourceTree = SDKROOT; };
		9B8AB515187EE39A0090757F /* CoreGraphics.framework */ = {isa = PBXFileReference; lastKnownFileType = wrapper.framework; name = CoreGraphics.framework; path = System/Library/Frameworks/CoreGraphics.framework; sourceTree = SDKROOT; };
		9B8AB517187EE39A0090757F /* UIKit.framework */ = {isa = PBXFileReference; lastKnownFileType = wrapper.framework; name = UIKit.framework; path = System/Library/Frameworks/UIKit.framework; sourceTree = SDKROOT; };
		9B8AB51B187EE39A0090757F /* BiCoRem-Info.plist */ = {isa = PBXFileReference; lastKnownFileType = text.plist.xml; path = "BiCoRem-Info.plist"; sourceTree = "<group>"; };
		9B8AB51D187EE39A0090757F /* en */ = {isa = PBXFileReference; lastKnownFileType = text.plist.strings; name = en; path = en.lproj/InfoPlist.strings; sourceTree = "<group>"; };
		9B8AB51F187EE39A0090757F /* main.m */ = {isa = PBXFileReference; lastKnownFileType = sourcecode.c.objc; path = main.m; sourceTree = "<group>"; };
		9B8AB521187EE39B0090757F /* BiCoRem-Prefix.pch */ = {isa = PBXFileReference; lastKnownFileType = sourcecode.c.h; path = "BiCoRem-Prefix.pch"; sourceTree = "<group>"; };
		9B8AB522187EE39B0090757F /* AppDelegate.h */ = {isa = PBXFileReference; lastKnownFileType = sourcecode.c.h; path = AppDelegate.h; sourceTree = "<group>"; };
		9B8AB523187EE39B0090757F /* AppDelegate.m */ = {isa = PBXFileReference; lastKnownFileType = sourcecode.c.objc; path = AppDelegate.m; sourceTree = "<group>"; };
		9B8AB526187EE39B0090757F /* Base */ = {isa = PBXFileReference; lastKnownFileType = file.storyboard; name = Base; path = Base.lproj/Main_iPhone.storyboard; sourceTree = "<group>"; };
		9B8AB529187EE39B0090757F /* Base */ = {isa = PBXFileReference; lastKnownFileType = file.storyboard; name = Base; path = Base.lproj/Main_iPad.storyboard; sourceTree = "<group>"; };
		9B8AB52E187EE39B0090757F /* Images.xcassets */ = {isa = PBXFileReference; lastKnownFileType = folder.assetcatalog; path = Images.xcassets; sourceTree = "<group>"; };
		9B8AB534187EE39B0090757F /* BiCoRemTests.xctest */ = {isa = PBXFileReference; explicitFileType = wrapper.cfbundle; includeInIndex = 0; path = BiCoRemTests.xctest; sourceTree = BUILT_PRODUCTS_DIR; };
		9B8AB535187EE39B0090757F /* XCTest.framework */ = {isa = PBXFileReference; lastKnownFileType = wrapper.framework; name = XCTest.framework; path = Library/Frameworks/XCTest.framework; sourceTree = DEVELOPER_DIR; };
		9B8AB53D187EE39B0090757F /* BiCoRemTests-Info.plist */ = {isa = PBXFileReference; lastKnownFileType = text.plist.xml; path = "BiCoRemTests-Info.plist"; sourceTree = "<group>"; };
		9B8AB53F187EE39B0090757F /* en */ = {isa = PBXFileReference; lastKnownFileType = text.plist.strings; name = en; path = en.lproj/InfoPlist.strings; sourceTree = "<group>"; };
		9B8AB541187EE39B0090757F /* BiCoRTests.m */ = {isa = PBXFileReference; lastKnownFileType = sourcecode.c.objc; path = BiCoRTests.m; sourceTree = "<group>"; };
		9B9A587318B0DABE008498F6 /* DataCell.h */ = {isa = PBXFileReference; fileEncoding = 4; lastKnownFileType = sourcecode.c.h; name = DataCell.h; path = UI/TableCells/DataCell.h; sourceTree = "<group>"; };
		9B9A587418B0DABE008498F6 /* DataCell.m */ = {isa = PBXFileReference; fileEncoding = 4; lastKnownFileType = sourcecode.c.objc; name = DataCell.m; path = UI/TableCells/DataCell.m; sourceTree = "<group>"; };
		9B9A587618B0DB92008498F6 /* HeaderCell.h */ = {isa = PBXFileReference; fileEncoding = 4; lastKnownFileType = sourcecode.c.h; name = HeaderCell.h; path = UI/TableCells/HeaderCell.h; sourceTree = "<group>"; };
		9B9A587718B0DB92008498F6 /* HeaderCell.m */ = {isa = PBXFileReference; fileEncoding = 4; lastKnownFileType = sourcecode.c.objc; name = HeaderCell.m; path = UI/TableCells/HeaderCell.m; sourceTree = "<group>"; };
		9B9A587918B103B1008498F6 /* DataCellPhone.h */ = {isa = PBXFileReference; fileEncoding = 4; lastKnownFileType = sourcecode.c.h; name = DataCellPhone.h; path = UI/TableCells/DataCellPhone.h; sourceTree = "<group>"; };
		9B9A587A18B103B1008498F6 /* DataCellPhone.m */ = {isa = PBXFileReference; fileEncoding = 4; lastKnownFileType = sourcecode.c.objc; name = DataCellPhone.m; path = UI/TableCells/DataCellPhone.m; sourceTree = "<group>"; };
		9B9A587C18B103C2008498F6 /* DataCellMail.h */ = {isa = PBXFileReference; fileEncoding = 4; lastKnownFileType = sourcecode.c.h; name = DataCellMail.h; path = UI/TableCells/DataCellMail.h; sourceTree = "<group>"; };
		9B9A587D18B103C2008498F6 /* DataCellMail.m */ = {isa = PBXFileReference; fileEncoding = 4; lastKnownFileType = sourcecode.c.objc; name = DataCellMail.m; path = UI/TableCells/DataCellMail.m; sourceTree = "<group>"; };
		9B9FEBE01893FC5C0074B125 /* XMLDataParserLogin.h */ = {isa = PBXFileReference; fileEncoding = 4; lastKnownFileType = sourcecode.c.h; name = XMLDataParserLogin.h; path = "Server Communication/XMLDataParserLogin.h"; sourceTree = "<group>"; };
		9B9FEBE11893FC5C0074B125 /* XMLDataParserLogin.m */ = {isa = PBXFileReference; fileEncoding = 4; lastKnownFileType = sourcecode.c.objc; name = XMLDataParserLogin.m; path = "Server Communication/XMLDataParserLogin.m"; sourceTree = "<group>"; };
		9BBFDB161884838C00D56426 /* XMLDataParser.h */ = {isa = PBXFileReference; fileEncoding = 4; lastKnownFileType = sourcecode.c.h; name = XMLDataParser.h; path = "Server Communication/XMLDataParser.h"; sourceTree = "<group>"; };
		9BBFDB171884838C00D56426 /* XMLDataParser.m */ = {isa = PBXFileReference; fileEncoding = 4; lastKnownFileType = sourcecode.c.objc; name = XMLDataParser.m; path = "Server Communication/XMLDataParser.m"; sourceTree = "<group>"; };
		9BC9E4511896F2F7009FB195 /* ServerConnectionInformation.h */ = {isa = PBXFileReference; lastKnownFileType = sourcecode.c.h; name = ServerConnectionInformation.h; path = "Server Communication/ServerConnectionInformation.h"; sourceTree = "<group>"; };
		9BE8B2781897A48B0017FC65 /* README.md */ = {isa = PBXFileReference; lastKnownFileType = text; path = README.md; sourceTree = "<group>"; };
		9BE8B2791897A4BF0017FC65 /* LICENSE */ = {isa = PBXFileReference; lastKnownFileType = text; path = LICENSE; sourceTree = "<group>"; };
/* End PBXFileReference section */

/* Begin PBXFrameworksBuildPhase section */
		9B8AB50D187EE39A0090757F /* Frameworks */ = {
			isa = PBXFrameworksBuildPhase;
			buildActionMask = 2147483647;
			files = (
				9B8AB516187EE39A0090757F /* CoreGraphics.framework in Frameworks */,
				9B8AB518187EE39A0090757F /* UIKit.framework in Frameworks */,
				9B8AB514187EE39A0090757F /* Foundation.framework in Frameworks */,
			);
			runOnlyForDeploymentPostprocessing = 0;
		};
		9B8AB531187EE39B0090757F /* Frameworks */ = {
			isa = PBXFrameworksBuildPhase;
			buildActionMask = 2147483647;
			files = (
				9B8AB536187EE39B0090757F /* XCTest.framework in Frameworks */,
				9B8AB538187EE39B0090757F /* UIKit.framework in Frameworks */,
				9B8AB537187EE39B0090757F /* Foundation.framework in Frameworks */,
			);
			runOnlyForDeploymentPostprocessing = 0;
		};
/* End PBXFrameworksBuildPhase section */

/* Begin PBXGroup section */
		9B5BE25B18C361EB004FA1B0 /* Settings */ = {
			isa = PBXGroup;
			children = (
				9B5853C218C26E7800075178 /* SettingsViewController.h */,
				9B5853C318C26E7800075178 /* SettingsViewController.m */,
			);
			name = Settings;
			sourceTree = "<group>";
		};
		9B60CB9A1882CB00003A7A44 /* Server Communication */ = {
			isa = PBXGroup;
			children = (
				9B60CB9B1882CF49003A7A44 /* ServerConnection.h */,
				9B60CB9C1882CF49003A7A44 /* ServerConnection.m */,
				9B79EA301893178100A372B7 /* XMLParser */,
				9BC9E4511896F2F7009FB195 /* ServerConnectionInformation.h */,
			);
			name = "Server Communication";
			sourceTree = "<group>";
		};
		9B79EA301893178100A372B7 /* XMLParser */ = {
			isa = PBXGroup;
			children = (
				9BBFDB161884838C00D56426 /* XMLDataParser.h */,
				9BBFDB171884838C00D56426 /* XMLDataParser.m */,
				9B79EA31189317BC00A372B7 /* XMLDataParserPeople.h */,
				9B79EA32189317BC00A372B7 /* XMLDataParserPeople.m */,
				9B9FEBE01893FC5C0074B125 /* XMLDataParserLogin.h */,
				9B9FEBE11893FC5C0074B125 /* XMLDataParserLogin.m */,
			);
			name = XMLParser;
			sourceTree = "<group>";
		};
		9B8967E01880254A00520BE6 /* dataModel */ = {
			isa = PBXGroup;
			children = (
				9B8967E11880259B00520BE6 /* Contact.h */,
				9B8967E21880259B00520BE6 /* Contact.m */,
				9B142DA218BE538D00269A0A /* NSMutableArray+PersonManager.h */,
				9B142DA318BE538D00269A0A /* NSMutableArray+PersonManager.m */,
			);
			name = dataModel;
			sourceTree = "<group>";
		};
		9B89F2E218B019DC009E4455 /* PersonDetailsView */ = {
			isa = PBXGroup;
			children = (
				9B9A586F18B0CDDD008498F6 /* TableCells */,
				9B89F2E318B01A0C009E4455 /* PersonDetailsViewController.h */,
				9B89F2E418B01A0C009E4455 /* PersonDetailsViewController.m */,
			);
			name = PersonDetailsView;
			sourceTree = "<group>";
		};
		9B8AB507187EE39A0090757F = {
			isa = PBXGroup;
			children = (
				9B8AB519187EE39A0090757F /* BiCoR */,
				9B8AB53B187EE39B0090757F /* BiCoRTests */,
				9B8AB512187EE39A0090757F /* Frameworks */,
				9B8AB511187EE39A0090757F /* Products */,
				9BE8B2761897A4170017FC65 /* Additional Information */,
			);
			sourceTree = "<group>";
		};
		9B8AB511187EE39A0090757F /* Products */ = {
			isa = PBXGroup;
			children = (
				9B8AB510187EE39A0090757F /* BiCoRem.app */,
				9B8AB534187EE39B0090757F /* BiCoRemTests.xctest */,
			);
			name = Products;
			sourceTree = "<group>";
		};
		9B8AB512187EE39A0090757F /* Frameworks */ = {
			isa = PBXGroup;
			children = (
				9B8AB513187EE39A0090757F /* Foundation.framework */,
				9B8AB515187EE39A0090757F /* CoreGraphics.framework */,
				9B8AB517187EE39A0090757F /* UIKit.framework */,
				9B8AB535187EE39B0090757F /* XCTest.framework */,
			);
			name = Frameworks;
			sourceTree = "<group>";
		};
		9B8AB519187EE39A0090757F /* BiCoR */ = {
			isa = PBXGroup;
			children = (
				9B60CB9A1882CB00003A7A44 /* Server Communication */,
				9B8967E01880254A00520BE6 /* dataModel */,
				9B8AB522187EE39B0090757F /* AppDelegate.h */,
				9B8AB523187EE39B0090757F /* AppDelegate.m */,
				9B8AB54B187EE3A30090757F /* UI */,
				9B8AB52E187EE39B0090757F /* Images.xcassets */,
				9B8AB51A187EE39A0090757F /* Supporting Files */,
			);
			path = BiCoR;
			sourceTree = "<group>";
		};
		9B8AB51A187EE39A0090757F /* Supporting Files */ = {
			isa = PBXGroup;
			children = (
				9B8AB51B187EE39A0090757F /* BiCoRem-Info.plist */,
				9B8AB51C187EE39A0090757F /* InfoPlist.strings */,
				9B8AB51F187EE39A0090757F /* main.m */,
				9B8AB521187EE39B0090757F /* BiCoRem-Prefix.pch */,
				9B4CA46B18C3A38700DD04F2 /* Localizable.strings */,
			);
			name = "Supporting Files";
			sourceTree = "<group>";
		};
		9B8AB53B187EE39B0090757F /* BiCoRTests */ = {
			isa = PBXGroup;
			children = (
				9B8AB541187EE39B0090757F /* BiCoRTests.m */,
				9B8AB53C187EE39B0090757F /* Supporting Files */,
			);
			path = BiCoRTests;
			sourceTree = "<group>";
		};
		9B8AB53C187EE39B0090757F /* Supporting Files */ = {
			isa = PBXGroup;
			children = (
				9B8AB53D187EE39B0090757F /* BiCoRemTests-Info.plist */,
				9B8AB53E187EE39B0090757F /* InfoPlist.strings */,
			);
			name = "Supporting Files";
			sourceTree = "<group>";
		};
		9B8AB54B187EE3A30090757F /* UI */ = {
			isa = PBXGroup;
			children = (
				9B8AB54D187EE3B00090757F /* iPad */,
				9B8AB54C187EE3AA0090757F /* iPhone */,
			);
			name = UI;
			sourceTree = "<group>";
		};
		9B8AB54C187EE3AA0090757F /* iPhone */ = {
			isa = PBXGroup;
			children = (
				9B89F2E218B019DC009E4455 /* PersonDetailsView */,
				9B8AB525187EE39B0090757F /* Main_iPhone.storyboard */,
				9B6AD552187F083900195217 /* MainViewController.h */,
				9B6AD553187F083900195217 /* MainViewController.m */,
				9B87BFAF18B4EB0200351557 /* WebViewController.h */,
				9B87BFB018B4EB0200351557 /* WebViewController.m */,
				9B5BE25B18C361EB004FA1B0 /* Settings */,
			);
			name = iPhone;
			sourceTree = "<group>";
		};
		9B8AB54D187EE3B00090757F /* iPad */ = {
			isa = PBXGroup;
			children = (
				9B8AB528187EE39B0090757F /* Main_iPad.storyboard */,
			);
			name = iPad;
			sourceTree = "<group>";
		};
		9B9A586F18B0CDDD008498F6 /* TableCells */ = {
			isa = PBXGroup;
			children = (
				9B9A587318B0DABE008498F6 /* DataCell.h */,
				9B9A587418B0DABE008498F6 /* DataCell.m */,
				9B9A587618B0DB92008498F6 /* HeaderCell.h */,
				9B9A587718B0DB92008498F6 /* HeaderCell.m */,
				9B9A587918B103B1008498F6 /* DataCellPhone.h */,
				9B9A587A18B103B1008498F6 /* DataCellPhone.m */,
				9B9A587C18B103C2008498F6 /* DataCellMail.h */,
				9B9A587D18B103C2008498F6 /* DataCellMail.m */,
			);
			name = TableCells;
			sourceTree = "<group>";
		};
		9BE8B2761897A4170017FC65 /* Additional Information */ = {
			isa = PBXGroup;
			children = (
				9BE8B2791897A4BF0017FC65 /* LICENSE */,
				9BE8B2781897A48B0017FC65 /* README.md */,
			);
			name = "Additional Information";
			sourceTree = "<group>";
		};
/* End PBXGroup section */

/* Begin PBXNativeTarget section */
		9B8AB50F187EE39A0090757F /* BiCoRem */ = {
			isa = PBXNativeTarget;
			buildConfigurationList = 9B8AB545187EE39B0090757F /* Build configuration list for PBXNativeTarget "BiCoRem" */;
			buildPhases = (
				9B8AB50C187EE39A0090757F /* Sources */,
				9B8AB50D187EE39A0090757F /* Frameworks */,
				9B8AB50E187EE39A0090757F /* Resources */,
			);
			buildRules = (
			);
			dependencies = (
			);
			name = BiCoRem;
			productName = BiCoR;
			productReference = 9B8AB510187EE39A0090757F /* BiCoRem.app */;
			productType = "com.apple.product-type.application";
		};
		9B8AB533187EE39B0090757F /* BiCoRemTests */ = {
			isa = PBXNativeTarget;
			buildConfigurationList = 9B8AB548187EE39B0090757F /* Build configuration list for PBXNativeTarget "BiCoRemTests" */;
			buildPhases = (
				9B8AB530187EE39B0090757F /* Sources */,
				9B8AB531187EE39B0090757F /* Frameworks */,
				9B8AB532187EE39B0090757F /* Resources */,
			);
			buildRules = (
			);
			dependencies = (
				9B8AB53A187EE39B0090757F /* PBXTargetDependency */,
			);
			name = BiCoRemTests;
			productName = BiCoRTests;
			productReference = 9B8AB534187EE39B0090757F /* BiCoRemTests.xctest */;
			productType = "com.apple.product-type.bundle.unit-test";
		};
/* End PBXNativeTarget section */

/* Begin PBXProject section */
		9B8AB508187EE39A0090757F /* Project object */ = {
			isa = PBXProject;
			attributes = {
				LastUpgradeCheck = 0500;
				ORGANIZATIONNAME = "Markus Hinkelmann";
				TargetAttributes = {
					9B8AB50F187EE39A0090757F = {
						DevelopmentTeam = 9496R8DM7B;
					};
					9B8AB533187EE39B0090757F = {
						TestTargetID = 9B8AB50F187EE39A0090757F;
					};
				};
			};
			buildConfigurationList = 9B8AB50B187EE39A0090757F /* Build configuration list for PBXProject "BiCoRem" */;
			compatibilityVersion = "Xcode 3.2";
			developmentRegion = English;
			hasScannedForEncodings = 0;
			knownRegions = (
				en,
				Base,
				de,
			);
			mainGroup = 9B8AB507187EE39A0090757F;
			productRefGroup = 9B8AB511187EE39A0090757F /* Products */;
			projectDirPath = "";
			projectRoot = "";
			targets = (
				9B8AB50F187EE39A0090757F /* BiCoRem */,
				9B8AB533187EE39B0090757F /* BiCoRemTests */,
			);
		};
/* End PBXProject section */

/* Begin PBXResourcesBuildPhase section */
		9B8AB50E187EE39A0090757F /* Resources */ = {
			isa = PBXResourcesBuildPhase;
			buildActionMask = 2147483647;
			files = (
				9B4CA46918C3A38700DD04F2 /* Localizable.strings in Resources */,
				9B8AB52A187EE39B0090757F /* Main_iPad.storyboard in Resources */,
				9B8AB52F187EE39B0090757F /* Images.xcassets in Resources */,
				9B8AB527187EE39B0090757F /* Main_iPhone.storyboard in Resources */,
				9B8AB51E187EE39A0090757F /* InfoPlist.strings in Resources */,
			);
			runOnlyForDeploymentPostprocessing = 0;
		};
		9B8AB532187EE39B0090757F /* Resources */ = {
			isa = PBXResourcesBuildPhase;
			buildActionMask = 2147483647;
			files = (
				9B8AB540187EE39B0090757F /* InfoPlist.strings in Resources */,
			);
			runOnlyForDeploymentPostprocessing = 0;
		};
/* End PBXResourcesBuildPhase section */

/* Begin PBXSourcesBuildPhase section */
		9B8AB50C187EE39A0090757F /* Sources */ = {
			isa = PBXSourcesBuildPhase;
			buildActionMask = 2147483647;
			files = (
				9B9FEBE21893FC5C0074B125 /* XMLDataParserLogin.m in Sources */,
				9B87BFB118B4EB0200351557 /* WebViewController.m in Sources */,
				9B8967E31880259B00520BE6 /* Contact.m in Sources */,
				9B5853C418C26E7800075178 /* SettingsViewController.m in Sources */,
				9B142DA418BE538D00269A0A /* NSMutableArray+PersonManager.m in Sources */,
				9B9A587518B0DABE008498F6 /* DataCell.m in Sources */,
				9B60CB9D1882CF49003A7A44 /* ServerConnection.m in Sources */,
				9B8AB524187EE39B0090757F /* AppDelegate.m in Sources */,
				9B9A587818B0DB92008498F6 /* HeaderCell.m in Sources */,
				9B9A587B18B103B1008498F6 /* DataCellPhone.m in Sources */,
				9B9A587E18B103C2008498F6 /* DataCellMail.m in Sources */,
				9B8AB520187EE39A0090757F /* main.m in Sources */,
				9B89F2E518B01A0C009E4455 /* PersonDetailsViewController.m in Sources */,
				9BBFDB181884838C00D56426 /* XMLDataParser.m in Sources */,
				9B6AD554187F083900195217 /* MainViewController.m in Sources */,
				9B79EA33189317BC00A372B7 /* XMLDataParserPeople.m in Sources */,
			);
			runOnlyForDeploymentPostprocessing = 0;
		};
		9B8AB530187EE39B0090757F /* Sources */ = {
			isa = PBXSourcesBuildPhase;
			buildActionMask = 2147483647;
			files = (
				9B8AB542187EE39B0090757F /* BiCoRTests.m in Sources */,
			);
			runOnlyForDeploymentPostprocessing = 0;
		};
/* End PBXSourcesBuildPhase section */

/* Begin PBXTargetDependency section */
		9B8AB53A187EE39B0090757F /* PBXTargetDependency */ = {
			isa = PBXTargetDependency;
			target = 9B8AB50F187EE39A0090757F /* BiCoRem */;
			targetProxy = 9B8AB539187EE39B0090757F /* PBXContainerItemProxy */;
		};
/* End PBXTargetDependency section */

/* Begin PBXVariantGroup section */
		9B4CA46B18C3A38700DD04F2 /* Localizable.strings */ = {
			isa = PBXVariantGroup;
			children = (
				9B4CA46A18C3A38700DD04F2 /* Base */,
				9B4CA46C18C3A38C00DD04F2 /* de */,
			);
			name = Localizable.strings;
			sourceTree = "<group>";
		};
		9B8AB51C187EE39A0090757F /* InfoPlist.strings */ = {
			isa = PBXVariantGroup;
			children = (
				9B8AB51D187EE39A0090757F /* en */,
				9B4CA46518C3A34100DD04F2 /* de */,
			);
			name = InfoPlist.strings;
			sourceTree = "<group>";
		};
		9B8AB525187EE39B0090757F /* Main_iPhone.storyboard */ = {
			isa = PBXVariantGroup;
			children = (
				9B8AB526187EE39B0090757F /* Base */,
				9B4CA46418C3A34100DD04F2 /* de */,
			);
			name = Main_iPhone.storyboard;
			sourceTree = "<group>";
		};
		9B8AB528187EE39B0090757F /* Main_iPad.storyboard */ = {
			isa = PBXVariantGroup;
			children = (
				9B8AB529187EE39B0090757F /* Base */,
				9B4CA46318C3A34100DD04F2 /* de */,
			);
			name = Main_iPad.storyboard;
			sourceTree = "<group>";
		};
		9B8AB53E187EE39B0090757F /* InfoPlist.strings */ = {
			isa = PBXVariantGroup;
			children = (
				9B8AB53F187EE39B0090757F /* en */,
				9B4CA46618C3A34100DD04F2 /* de */,
			);
			name = InfoPlist.strings;
			sourceTree = "<group>";
		};
/* End PBXVariantGroup section */

/* Begin XCBuildConfiguration section */
		9B8AB543187EE39B0090757F /* Debug */ = {
			isa = XCBuildConfiguration;
			buildSettings = {
				ALWAYS_SEARCH_USER_PATHS = NO;
				ARCHS = "$(ARCHS_STANDARD_INCLUDING_64_BIT)";
				CLANG_CXX_LANGUAGE_STANDARD = "gnu++0x";
				CLANG_CXX_LIBRARY = "libc++";
				CLANG_ENABLE_MODULES = YES;
				CLANG_ENABLE_OBJC_ARC = YES;
				CLANG_WARN_BOOL_CONVERSION = YES;
				CLANG_WARN_CONSTANT_CONVERSION = YES;
				CLANG_WARN_DIRECT_OBJC_ISA_USAGE = YES_ERROR;
				CLANG_WARN_EMPTY_BODY = YES;
				CLANG_WARN_ENUM_CONVERSION = YES;
				CLANG_WARN_INT_CONVERSION = YES;
				CLANG_WARN_OBJC_ROOT_CLASS = YES_ERROR;
				CLANG_WARN__DUPLICATE_METHOD_MATCH = YES;
				"CODE_SIGN_IDENTITY[sdk=iphoneos*]" = "iPhone Developer";
				COPY_PHASE_STRIP = NO;
				GCC_C_LANGUAGE_STANDARD = gnu99;
				GCC_DYNAMIC_NO_PIC = NO;
				GCC_OPTIMIZATION_LEVEL = 0;
				GCC_PREPROCESSOR_DEFINITIONS = (
					"DEBUG=1",
					"$(inherited)",
				);
				GCC_SYMBOLS_PRIVATE_EXTERN = NO;
				GCC_WARN_64_TO_32_BIT_CONVERSION = YES;
				GCC_WARN_ABOUT_RETURN_TYPE = YES_ERROR;
				GCC_WARN_UNDECLARED_SELECTOR = YES;
				GCC_WARN_UNINITIALIZED_AUTOS = YES;
				GCC_WARN_UNUSED_FUNCTION = YES;
				GCC_WARN_UNUSED_VARIABLE = YES;
				IPHONEOS_DEPLOYMENT_TARGET = 7.0;
				ONLY_ACTIVE_ARCH = YES;
				SDKROOT = iphoneos;
				TARGETED_DEVICE_FAMILY = "1,2";
			};
			name = Debug;
		};
		9B8AB544187EE39B0090757F /* Release */ = {
			isa = XCBuildConfiguration;
			buildSettings = {
				ALWAYS_SEARCH_USER_PATHS = NO;
				ARCHS = "$(ARCHS_STANDARD_INCLUDING_64_BIT)";
				CLANG_CXX_LANGUAGE_STANDARD = "gnu++0x";
				CLANG_CXX_LIBRARY = "libc++";
				CLANG_ENABLE_MODULES = YES;
				CLANG_ENABLE_OBJC_ARC = YES;
				CLANG_WARN_BOOL_CONVERSION = YES;
				CLANG_WARN_CONSTANT_CONVERSION = YES;
				CLANG_WARN_DIRECT_OBJC_ISA_USAGE = YES_ERROR;
				CLANG_WARN_EMPTY_BODY = YES;
				CLANG_WARN_ENUM_CONVERSION = YES;
				CLANG_WARN_INT_CONVERSION = YES;
				CLANG_WARN_OBJC_ROOT_CLASS = YES_ERROR;
				CLANG_WARN__DUPLICATE_METHOD_MATCH = YES;
				"CODE_SIGN_IDENTITY[sdk=iphoneos*]" = "iPhone Developer";
				COPY_PHASE_STRIP = YES;
				ENABLE_NS_ASSERTIONS = NO;
				GCC_C_LANGUAGE_STANDARD = gnu99;
				GCC_WARN_64_TO_32_BIT_CONVERSION = YES;
				GCC_WARN_ABOUT_RETURN_TYPE = YES_ERROR;
				GCC_WARN_UNDECLARED_SELECTOR = YES;
				GCC_WARN_UNINITIALIZED_AUTOS = YES;
				GCC_WARN_UNUSED_FUNCTION = YES;
				GCC_WARN_UNUSED_VARIABLE = YES;
				IPHONEOS_DEPLOYMENT_TARGET = 7.0;
				SDKROOT = iphoneos;
				TARGETED_DEVICE_FAMILY = "1,2";
				VALIDATE_PRODUCT = YES;
			};
			name = Release;
		};
		9B8AB546187EE39B0090757F /* Debug */ = {
			isa = XCBuildConfiguration;
			buildSettings = {
				ASSETCATALOG_COMPILER_APPICON_NAME = AppIcon;
				ASSETCATALOG_COMPILER_LAUNCHIMAGE_NAME = LaunchImage;
				CODE_SIGN_IDENTITY = "";
				"CODE_SIGN_IDENTITY[sdk=iphoneos*]" = "";
				GCC_PRECOMPILE_PREFIX_HEADER = YES;
				GCC_PREFIX_HEADER = "BiCoR/BiCoRem-Prefix.pch";
				INFOPLIST_FILE = "BiCoR/BiCoRem-Info.plist";
				PRODUCT_NAME = BiCoRem;
				PROVISIONING_PROFILE = "73113609-DE5B-4E67-AA2F-05CB29BECA22";
				WRAPPER_EXTENSION = app;
			};
			name = Debug;
		};
		9B8AB547187EE39B0090757F /* Release */ = {
			isa = XCBuildConfiguration;
			buildSettings = {
				ASSETCATALOG_COMPILER_APPICON_NAME = AppIcon;
				ASSETCATALOG_COMPILER_LAUNCHIMAGE_NAME = LaunchImage;
				CODE_SIGN_IDENTITY = "";
				"CODE_SIGN_IDENTITY[sdk=iphoneos*]" = "";
				GCC_PRECOMPILE_PREFIX_HEADER = YES;
				GCC_PREFIX_HEADER = "BiCoR/BiCoRem-Prefix.pch";
				INFOPLIST_FILE = "BiCoR/BiCoRem-Info.plist";
				PRODUCT_NAME = BiCoRem;
				PROVISIONING_PROFILE = "73113609-DE5B-4E67-AA2F-05CB29BECA22";
				WRAPPER_EXTENSION = app;
			};
			name = Release;
		};
		9B8AB549187EE39B0090757F /* Debug */ = {
			isa = XCBuildConfiguration;
			buildSettings = {
				ARCHS = "$(ARCHS_STANDARD_INCLUDING_64_BIT)";
				BUNDLE_LOADER = "$(BUILT_PRODUCTS_DIR)/BiCoR.app/BiCoR";
				FRAMEWORK_SEARCH_PATHS = (
					"$(SDKROOT)/Developer/Library/Frameworks",
					"$(inherited)",
					"$(DEVELOPER_FRAMEWORKS_DIR)",
				);
				GCC_PRECOMPILE_PREFIX_HEADER = YES;
				GCC_PREFIX_HEADER = "BiCoR/BiCoR-Prefix.pch";
				GCC_PREPROCESSOR_DEFINITIONS = (
					"DEBUG=1",
					"$(inherited)",
				);
				INFOPLIST_FILE = "BiCoRTests/BiCoRemTests-Info.plist";
				PRODUCT_NAME = BiCoRemTests;
				TEST_HOST = "$(BUNDLE_LOADER)";
				WRAPPER_EXTENSION = xctest;
			};
			name = Debug;
		};
		9B8AB54A187EE39B0090757F /* Release */ = {
			isa = XCBuildConfiguration;
			buildSettings = {
				ARCHS = "$(ARCHS_STANDARD_INCLUDING_64_BIT)";
				BUNDLE_LOADER = "$(BUILT_PRODUCTS_DIR)/BiCoR.app/BiCoR";
				FRAMEWORK_SEARCH_PATHS = (
					"$(SDKROOT)/Developer/Library/Frameworks",
					"$(inherited)",
					"$(DEVELOPER_FRAMEWORKS_DIR)",
				);
				GCC_PRECOMPILE_PREFIX_HEADER = YES;
				GCC_PREFIX_HEADER = "BiCoR/BiCoR-Prefix.pch";
				INFOPLIST_FILE = "BiCoRTests/BiCoRemTests-Info.plist";
				PRODUCT_NAME = BiCoRemTests;
				TEST_HOST = "$(BUNDLE_LOADER)";
				WRAPPER_EXTENSION = xctest;
			};
			name = Release;
		};
/* End XCBuildConfiguration section */

/* Begin XCConfigurationList section */
		9B8AB50B187EE39A0090757F /* Build configuration list for PBXProject "BiCoRem" */ = {
			isa = XCConfigurationList;
			buildConfigurations = (
				9B8AB543187EE39B0090757F /* Debug */,
				9B8AB544187EE39B0090757F /* Release */,
			);
			defaultConfigurationIsVisible = 0;
			defaultConfigurationName = Release;
		};
		9B8AB545187EE39B0090757F /* Build configuration list for PBXNativeTarget "BiCoRem" */ = {
			isa = XCConfigurationList;
			buildConfigurations = (
				9B8AB546187EE39B0090757F /* Debug */,
				9B8AB547187EE39B0090757F /* Release */,
			);
			defaultConfigurationIsVisible = 0;
			defaultConfigurationName = Release;
		};
		9B8AB548187EE39B0090757F /* Build configuration list for PBXNativeTarget "BiCoRemTests" */ = {
			isa = XCConfigurationList;
			buildConfigurations = (
				9B8AB549187EE39B0090757F /* Debug */,
				9B8AB54A187EE39B0090757F /* Release */,
			);
			defaultConfigurationIsVisible = 0;
			defaultConfigurationName = Release;
		};
/* End XCConfigurationList section */
	};
	rootObject = 9B8AB508187EE39A0090757F /* Project object */;
}
